
Microsoft Visual Studio Solution File, Format Version 12.00
# Visual Studio Version 17
VisualStudioVersion = 17.4.33403.182
MinimumVisualStudioVersion = 10.0.40219.1
Project("{FAE04EC0-301F-11D3-BF4B-00C04F79EFBC}") = "Borusan.Api", "Borusan.Api\Borusan.Api.csproj", "{9012F5B5-CE80-4586-9287-EF0AE81BF655}"
EndProject
Global
	GlobalSection(SolutionConfigurationPlatforms) = preSolution
		Debug|Any CPU = Debug|Any CPU
		Release|Any CPU = Release|Any CPU
	EndGlobalSection
	GlobalSection(ProjectConfigurationPlatforms) = postSolution
		{9012F5B5-CE80-4586-9287-EF0AE81BF655}.Debug|Any CPU.ActiveCfg = Debug|Any CPU
		{9012F5B5-CE80-4586-9287-EF0AE81BF655}.Debug|Any CPU.Build.0 = Debug|Any CPU
		{9012F5B5-CE80-4586-9287-EF0AE81BF655}.Release|Any CPU.ActiveCfg = Release|Any CPU
		{9012F5B5-CE80-4586-9287-EF0AE81BF655}.Release|Any CPU.Build.0 = Release|Any CPU
	EndGlobalSection
	GlobalSection(SolutionProperties) = preSolution
		HideSolutionNode = FALSE
	EndGlobalSection
	GlobalSection(ExtensibilityGlobals) = postSolution
		SolutionGuid = {446C232A-EF48-43DF-A258-B3C97DA4E7EF}
	EndGlobalSection
EndGlobal
